
Microsoft Visual Studio Solution File, Format Version 12.00
# Visual Studio Version 16
VisualStudioVersion = 16.0.31410.357
MinimumVisualStudioVersion = 10.0.40219.1
Project("{9A19103F-16F7-4668-BE54-9A1E7A4F7556}") = "Boxyz.Data", "Boxyz.Data\Boxyz.Data.csproj", "{5FCDEFF0-4763-471B-8E4C-CD549EA6BCB0}"
EndProject
Project("{9A19103F-16F7-4668-BE54-9A1E7A4F7556}") = "Boxyz.Migrations.PostgreSql", "Boxyz.Migrations.PostgreSql\Boxyz.Migrations.PostgreSql.csproj", "{B3E9978F-3600-4CD3-9658-8EBF3376112F}"
EndProject
Project("{9A19103F-16F7-4668-BE54-9A1E7A4F7556}") = "Boxyz.Seeder", "Boxyz.Seeder\Boxyz.Seeder.csproj", "{2B87B9EC-E442-4D21-AEFD-5B2301900B06}"
EndProject
Project("{9A19103F-16F7-4668-BE54-9A1E7A4F7556}") = "Boxyz.Api.GraphQL", "Boxyz.Api.GraphQL\Boxyz.Api.GraphQL.csproj", "{014A8BF0-1628-470C-8FE8-FA2862EBFAC8}"
EndProject
Project("{9A19103F-16F7-4668-BE54-9A1E7A4F7556}") = "Boxyz.Api", "Boxyz.Api\Boxyz.Api.csproj", "{E6DB6EF7-58E0-4D1A-A206-CAD1D0DFBA0A}"
EndProject
Project("{9A19103F-16F7-4668-BE54-9A1E7A4F7556}") = "Boxyz.Api.GraphQL.Raw", "Boxyz.Api.GraphQL.Raw\Boxyz.Api.GraphQL.Raw.csproj", "{7AFC13FC-9990-43AA-BF00-80B3B57D085C}"
EndProject
Project("{9A19103F-16F7-4668-BE54-9A1E7A4F7556}") = "Boxyz.Api.GraphQL.Infrastructure", "Boxyz.Api.GraphQL.Infrastructure\Boxyz.Api.GraphQL.Infrastructure.csproj", "{E9B00CFA-AF05-445F-B878-E2DFF4C91865}"
EndProject
Project("{2150E333-8FDC-42A3-9474-1A3956D46DE8}") = "Server", "Server", "{1C8A01A3-5E83-4AE1-877A-6B05FCB7B1B9}"
EndProject
Global
	GlobalSection(SolutionConfigurationPlatforms) = preSolution
		Debug|Any CPU = Debug|Any CPU
		Release|Any CPU = Release|Any CPU
	EndGlobalSection
	GlobalSection(ProjectConfigurationPlatforms) = postSolution
		{5FCDEFF0-4763-471B-8E4C-CD549EA6BCB0}.Debug|Any CPU.ActiveCfg = Debug|Any CPU
		{5FCDEFF0-4763-471B-8E4C-CD549EA6BCB0}.Debug|Any CPU.Build.0 = Debug|Any CPU
		{5FCDEFF0-4763-471B-8E4C-CD549EA6BCB0}.Release|Any CPU.ActiveCfg = Release|Any CPU
		{5FCDEFF0-4763-471B-8E4C-CD549EA6BCB0}.Release|Any CPU.Build.0 = Release|Any CPU
		{B3E9978F-3600-4CD3-9658-8EBF3376112F}.Debug|Any CPU.ActiveCfg = Debug|Any CPU
		{B3E9978F-3600-4CD3-9658-8EBF3376112F}.Debug|Any CPU.Build.0 = Debug|Any CPU
		{B3E9978F-3600-4CD3-9658-8EBF3376112F}.Release|Any CPU.ActiveCfg = Release|Any CPU
		{B3E9978F-3600-4CD3-9658-8EBF3376112F}.Release|Any CPU.Build.0 = Release|Any CPU
		{2B87B9EC-E442-4D21-AEFD-5B2301900B06}.Debug|Any CPU.ActiveCfg = Debug|Any CPU
		{2B87B9EC-E442-4D21-AEFD-5B2301900B06}.Debug|Any CPU.Build.0 = Debug|Any CPU
		{2B87B9EC-E442-4D21-AEFD-5B2301900B06}.Release|Any CPU.ActiveCfg = Release|Any CPU
		{2B87B9EC-E442-4D21-AEFD-5B2301900B06}.Release|Any CPU.Build.0 = Release|Any CPU
		{014A8BF0-1628-470C-8FE8-FA2862EBFAC8}.Debug|Any CPU.ActiveCfg = Debug|Any CPU
		{014A8BF0-1628-470C-8FE8-FA2862EBFAC8}.Debug|Any CPU.Build.0 = Debug|Any CPU
		{014A8BF0-1628-470C-8FE8-FA2862EBFAC8}.Release|Any CPU.ActiveCfg = Release|Any CPU
		{014A8BF0-1628-470C-8FE8-FA2862EBFAC8}.Release|Any CPU.Build.0 = Release|Any CPU
		{E6DB6EF7-58E0-4D1A-A206-CAD1D0DFBA0A}.Debug|Any CPU.ActiveCfg = Debug|Any CPU
		{E6DB6EF7-58E0-4D1A-A206-CAD1D0DFBA0A}.Debug|Any CPU.Build.0 = Debug|Any CPU
		{E6DB6EF7-58E0-4D1A-A206-CAD1D0DFBA0A}.Release|Any CPU.ActiveCfg = Release|Any CPU
		{E6DB6EF7-58E0-4D1A-A206-CAD1D0DFBA0A}.Release|Any CPU.Build.0 = Release|Any CPU
		{7AFC13FC-9990-43AA-BF00-80B3B57D085C}.Debug|Any CPU.ActiveCfg = Debug|Any CPU
		{7AFC13FC-9990-43AA-BF00-80B3B57D085C}.Debug|Any CPU.Build.0 = Debug|Any CPU
		{7AFC13FC-9990-43AA-BF00-80B3B57D085C}.Release|Any CPU.ActiveCfg = Release|Any CPU
		{7AFC13FC-9990-43AA-BF00-80B3B57D085C}.Release|Any CPU.Build.0 = Release|Any CPU
		{E9B00CFA-AF05-445F-B878-E2DFF4C91865}.Debug|Any CPU.ActiveCfg = Debug|Any CPU
		{E9B00CFA-AF05-445F-B878-E2DFF4C91865}.Debug|Any CPU.Build.0 = Debug|Any CPU
		{E9B00CFA-AF05-445F-B878-E2DFF4C91865}.Release|Any CPU.ActiveCfg = Release|Any CPU
		{E9B00CFA-AF05-445F-B878-E2DFF4C91865}.Release|Any CPU.Build.0 = Release|Any CPU
	EndGlobalSection
	GlobalSection(SolutionProperties) = preSolution
		HideSolutionNode = FALSE
	EndGlobalSection
	GlobalSection(NestedProjects) = preSolution
		{014A8BF0-1628-470C-8FE8-FA2862EBFAC8} = {1C8A01A3-5E83-4AE1-877A-6B05FCB7B1B9}
		{E6DB6EF7-58E0-4D1A-A206-CAD1D0DFBA0A} = {1C8A01A3-5E83-4AE1-877A-6B05FCB7B1B9}
		{7AFC13FC-9990-43AA-BF00-80B3B57D085C} = {1C8A01A3-5E83-4AE1-877A-6B05FCB7B1B9}
	EndGlobalSection
	GlobalSection(ExtensibilityGlobals) = postSolution
		SolutionGuid = {0FF6379A-4477-4FC9-BF91-F15E64A24B18}
	EndGlobalSection
EndGlobal
